
Microsoft Visual Studio Solution File, Format Version 12.00
# Visual Studio Version 17
VisualStudioVersion = 17.2.32516.85
MinimumVisualStudioVersion = 10.0.40219.1
Project("{FAE04EC0-301F-11D3-BF4B-00C04F79EFBC}") = "FirstCoreApp", "FirstCoreApp\FirstCoreApp.csproj", "{684AF32A-329E-4C26-AE33-5FE1A3DBAF4B}"
EndProject
Global
	GlobalSection(SolutionConfigurationPlatforms) = preSolution
		Debug|Any CPU = Debug|Any CPU
		Release|Any CPU = Release|Any CPU
	EndGlobalSection
	GlobalSection(ProjectConfigurationPlatforms) = postSolution
		{684AF32A-329E-4C26-AE33-5FE1A3DBAF4B}.Debug|Any CPU.ActiveCfg = Debug|Any CPU
		{684AF32A-329E-4C26-AE33-5FE1A3DBAF4B}.Debug|Any CPU.Build.0 = Debug|Any CPU
		{684AF32A-329E-4C26-AE33-5FE1A3DBAF4B}.Release|Any CPU.ActiveCfg = Release|Any CPU
		{684AF32A-329E-4C26-AE33-5FE1A3DBAF4B}.Release|Any CPU.Build.0 = Release|Any CPU
	EndGlobalSection
	GlobalSection(SolutionProperties) = preSolution
		HideSolutionNode = FALSE
	EndGlobalSection
	GlobalSection(ExtensibilityGlobals) = postSolution
		SolutionGuid = {B0E802DF-C48F-458B-A0C5-8134F0869F95}
	EndGlobalSection
EndGlobal
